
Microsoft Visual Studio Solution File, Format Version 12.00
# Visual Studio 2012
Project("{E24C65DC-7377-472B-9ABA-BC803B73C61A}") = "PhoneGapTest", ".", "{BDFA9D42-C957-49A7-87F9-C8A91516B17D}"
	ProjectSection(WebsiteProperties) = preProject
		TargetFrameworkMoniker = ".NETFramework,Version%3Dv4.0"
		Debug.AspNetCompiler.VirtualPath = "/PhoneGapTest"
		Debug.AspNetCompiler.PhysicalPath = "..\..\..\..\..\..\Dev\Test\PhoneGapTest\"
		Debug.AspNetCompiler.TargetPath = "PrecompiledWeb\PhoneGapTest\"
		Debug.AspNetCompiler.Updateable = "true"
		Debug.AspNetCompiler.ForceOverwrite = "true"
		Debug.AspNetCompiler.FixedNames = "false"
		Debug.AspNetCompiler.Debug = "True"
		Release.AspNetCompiler.VirtualPath = "/PhoneGapTest"
		Release.AspNetCompiler.PhysicalPath = "..\..\..\..\..\..\Dev\Test\PhoneGapTest\"
		Release.AspNetCompiler.TargetPath = "PrecompiledWeb\PhoneGapTest\"
		Release.AspNetCompiler.Updateable = "true"
		Release.AspNetCompiler.ForceOverwrite = "true"
		Release.AspNetCompiler.FixedNames = "false"
		Release.AspNetCompiler.Debug = "False"
		VWDPort = "50827"
	EndProjectSection
EndProject
Global
	GlobalSection(SolutionConfigurationPlatforms) = preSolution
		Debug|Any CPU = Debug|Any CPU
	EndGlobalSection
	GlobalSection(ProjectConfigurationPlatforms) = postSolution
		{BDFA9D42-C957-49A7-87F9-C8A91516B17D}.Debug|Any CPU.ActiveCfg = Debug|Any CPU
		{BDFA9D42-C957-49A7-87F9-C8A91516B17D}.Debug|Any CPU.Build.0 = Debug|Any CPU
	EndGlobalSection
	GlobalSection(SolutionProperties) = preSolution
		HideSolutionNode = FALSE
	EndGlobalSection
EndGlobal
